Microsoft Visual Studio Solution File, Format Version 12.00
# Visual Studio 2012
Project("{FAE04EC0-301F-11D3-BF4B-00C04F79EFBC}") = "Yomi Mod Manager", "Yomi Mod Manager.csproj", "{1A25AC99-A6FE-420E-A8FA-8583DA473F12}"
EndProject
Global
	GlobalSection(SolutionConfigurationPlatforms) = preSolution
	Debug|Any CPU = Debug|Any CPU
	ExportDebug|Any CPU = ExportDebug|Any CPU
	ExportRelease|Any CPU = ExportRelease|Any CPU
	EndGlobalSection
	GlobalSection(ProjectConfigurationPlatforms) = postSolution
		{1A25AC99-A6FE-420E-A8FA-8583DA473F12}.Debug|Any CPU.ActiveCfg = Debug|Any CPU
		{1A25AC99-A6FE-420E-A8FA-8583DA473F12}.Debug|Any CPU.Build.0 = Debug|Any CPU
		{1A25AC99-A6FE-420E-A8FA-8583DA473F12}.ExportDebug|Any CPU.ActiveCfg = ExportDebug|Any CPU
		{1A25AC99-A6FE-420E-A8FA-8583DA473F12}.ExportDebug|Any CPU.Build.0 = ExportDebug|Any CPU
		{1A25AC99-A6FE-420E-A8FA-8583DA473F12}.ExportRelease|Any CPU.ActiveCfg = ExportRelease|Any CPU
		{1A25AC99-A6FE-420E-A8FA-8583DA473F12}.ExportRelease|Any CPU.Build.0 = ExportRelease|Any CPU
	EndGlobalSection
EndGlobal
